
Microsoft Visual Studio Solution File, Format Version 12.00
# Visual Studio Version 17
VisualStudioVersion = 17.0.31717.71
MinimumVisualStudioVersion = 10.0.40219.1
Project("{9A19103F-16F7-4668-BE54-9A1E7A4F7556}") = "WebAPIBasic", "WebAPIBasic\WebAPIBasic.csproj", "{C8228DC0-FB2E-47D3-94FC-44F0A830A5E3}"
EndProject
Project("{2150E333-8FDC-42A3-9474-1A3956D46DE8}") = "Solution Items", "Solution Items", "{985562A0-1D76-4531-BE51-2398F0460613}"
	ProjectSection(SolutionItems) = preProject
		.editorconfig = .editorconfig
	EndProjectSection
EndProject
Project("{9A19103F-16F7-4668-BE54-9A1E7A4F7556}") = "Core", "Core\Core.csproj", "{5AEE339C-4224-4559-9588-544DAF3CE454}"
EndProject
Project("{9A19103F-16F7-4668-BE54-9A1E7A4F7556}") = "DataStore.EF", "DataStore.EF\DataStore.EF.csproj", "{0DE8DF61-972A-455B-B9C5-7DCB97AE53E8}"
EndProject
Project("{9A19103F-16F7-4668-BE54-9A1E7A4F7556}") = "MyApp.Repository", "App.Repository\MyApp.Repository.csproj", "{2988EEBA-60A6-4D6E-8FC0-99172FBD1EE9}"
EndProject
Project("{9A19103F-16F7-4668-BE54-9A1E7A4F7556}") = "App.Testing.Console", "App.Testing.Console\App.Testing.Console.csproj", "{00A0BAA4-4451-49A3-B58F-4C6DC2C96EF7}"
EndProject
Project("{FAE04EC0-301F-11D3-BF4B-00C04F79EFBC}") = "MyApp.Business", "App.Business\MyApp.Business.csproj", "{89AAD300-10CA-4E4F-9D78-DAF4BF55D20A}"
EndProject
Project("{FAE04EC0-301F-11D3-BF4B-00C04F79EFBC}") = "MyApp.Web", "MyApp.Web\MyApp.Web.csproj", "{29A3C759-E6C7-4182-8630-5F944D537C5D}"
EndProject
Global
	GlobalSection(SolutionConfigurationPlatforms) = preSolution
		Debug|Any CPU = Debug|Any CPU
		Release|Any CPU = Release|Any CPU
	EndGlobalSection
	GlobalSection(ProjectConfigurationPlatforms) = postSolution
		{C8228DC0-FB2E-47D3-94FC-44F0A830A5E3}.Debug|Any CPU.ActiveCfg = Debug|Any CPU
		{C8228DC0-FB2E-47D3-94FC-44F0A830A5E3}.Debug|Any CPU.Build.0 = Debug|Any CPU
		{C8228DC0-FB2E-47D3-94FC-44F0A830A5E3}.Release|Any CPU.ActiveCfg = Release|Any CPU
		{C8228DC0-FB2E-47D3-94FC-44F0A830A5E3}.Release|Any CPU.Build.0 = Release|Any CPU
		{5AEE339C-4224-4559-9588-544DAF3CE454}.Debug|Any CPU.ActiveCfg = Debug|Any CPU
		{5AEE339C-4224-4559-9588-544DAF3CE454}.Debug|Any CPU.Build.0 = Debug|Any CPU
		{5AEE339C-4224-4559-9588-544DAF3CE454}.Release|Any CPU.ActiveCfg = Release|Any CPU
		{5AEE339C-4224-4559-9588-544DAF3CE454}.Release|Any CPU.Build.0 = Release|Any CPU
		{0DE8DF61-972A-455B-B9C5-7DCB97AE53E8}.Debug|Any CPU.ActiveCfg = Debug|Any CPU
		{0DE8DF61-972A-455B-B9C5-7DCB97AE53E8}.Debug|Any CPU.Build.0 = Debug|Any CPU
		{0DE8DF61-972A-455B-B9C5-7DCB97AE53E8}.Release|Any CPU.ActiveCfg = Release|Any CPU
		{0DE8DF61-972A-455B-B9C5-7DCB97AE53E8}.Release|Any CPU.Build.0 = Release|Any CPU
		{2988EEBA-60A6-4D6E-8FC0-99172FBD1EE9}.Debug|Any CPU.ActiveCfg = Debug|Any CPU
		{2988EEBA-60A6-4D6E-8FC0-99172FBD1EE9}.Debug|Any CPU.Build.0 = Debug|Any CPU
		{2988EEBA-60A6-4D6E-8FC0-99172FBD1EE9}.Release|Any CPU.ActiveCfg = Release|Any CPU
		{2988EEBA-60A6-4D6E-8FC0-99172FBD1EE9}.Release|Any CPU.Build.0 = Release|Any CPU
		{00A0BAA4-4451-49A3-B58F-4C6DC2C96EF7}.Debug|Any CPU.ActiveCfg = Debug|Any CPU
		{00A0BAA4-4451-49A3-B58F-4C6DC2C96EF7}.Debug|Any CPU.Build.0 = Debug|Any CPU
		{00A0BAA4-4451-49A3-B58F-4C6DC2C96EF7}.Release|Any CPU.ActiveCfg = Release|Any CPU
		{00A0BAA4-4451-49A3-B58F-4C6DC2C96EF7}.Release|Any CPU.Build.0 = Release|Any CPU
		{89AAD300-10CA-4E4F-9D78-DAF4BF55D20A}.Debug|Any CPU.ActiveCfg = Debug|Any CPU
		{89AAD300-10CA-4E4F-9D78-DAF4BF55D20A}.Debug|Any CPU.Build.0 = Debug|Any CPU
		{89AAD300-10CA-4E4F-9D78-DAF4BF55D20A}.Release|Any CPU.ActiveCfg = Release|Any CPU
		{89AAD300-10CA-4E4F-9D78-DAF4BF55D20A}.Release|Any CPU.Build.0 = Release|Any CPU
		{29A3C759-E6C7-4182-8630-5F944D537C5D}.Debug|Any CPU.ActiveCfg = Debug|Any CPU
		{29A3C759-E6C7-4182-8630-5F944D537C5D}.Debug|Any CPU.Build.0 = Debug|Any CPU
		{29A3C759-E6C7-4182-8630-5F944D537C5D}.Release|Any CPU.ActiveCfg = Release|Any CPU
		{29A3C759-E6C7-4182-8630-5F944D537C5D}.Release|Any CPU.Build.0 = Release|Any CPU
	EndGlobalSection
	GlobalSection(SolutionProperties) = preSolution
		HideSolutionNode = FALSE
	EndGlobalSection
	GlobalSection(ExtensibilityGlobals) = postSolution
		SolutionGuid = {49542504-842C-4F64-B49A-A786F8F7E574}
	EndGlobalSection
EndGlobal
